
Microsoft Visual Studio Solution File, Format Version 12.00
# Visual Studio Version 16
VisualStudioVersion = 16.0.31112.23
MinimumVisualStudioVersion = 10.0.40219.1
Project("{9A19103F-16F7-4668-BE54-9A1E7A4F7556}") = "IredesChecksum", "IredesChecksum.csproj", "{29640C69-971E-4124-92FD-68F9D4C2B271}"
EndProject
Global
	GlobalSection(SolutionConfigurationPlatforms) = preSolution
		Debug|Any CPU = Debug|Any CPU
		Release|Any CPU = Release|Any CPU
	EndGlobalSection
	GlobalSection(ProjectConfigurationPlatforms) = postSolution
		{29640C69-971E-4124-92FD-68F9D4C2B271}.Debug|Any CPU.ActiveCfg = Debug|Any CPU
		{29640C69-971E-4124-92FD-68F9D4C2B271}.Debug|Any CPU.Build.0 = Debug|Any CPU
		{29640C69-971E-4124-92FD-68F9D4C2B271}.Release|Any CPU.ActiveCfg = Release|Any CPU
		{29640C69-971E-4124-92FD-68F9D4C2B271}.Release|Any CPU.Build.0 = Release|Any CPU
	EndGlobalSection
	GlobalSection(SolutionProperties) = preSolution
		HideSolutionNode = FALSE
	EndGlobalSection
	GlobalSection(ExtensibilityGlobals) = postSolution
		SolutionGuid = {134B4842-93A3-4D5B-9A12-513DC01FFA25}
	EndGlobalSection
EndGlobal
